github.com/aws/aws-sdk-go-v2 v1.41.10 h1:i/Ezw+xWTo/EtO/lEq6xBYu9RXpRb3QPN5UlTsJg8Ck=
github.com/aws/aws-sdk-go-v2 v1.41.10/go.mod h1:+HsoOEX80qAVUitj1A2DhCNTjmb3edVyuDypb6LNEeo=
github.com/aws/aws-sdk-go-v2/aws/protocol/eventstream v1.7.11 h1:h5+3VT69KUBK24grGuuA5saDJTj2IIjLb9au668Fo5I=
github.com/aws/aws-sdk-go-v2/aws/protocol/eventstream v1.7.11/go.mod h1:dnakxebH6UwFvcvujL0LVggYQ8nEvBGjU4G/V79Nv94=
github.com/aws/aws-sdk-go-v2/internal/configsources v1.4.26 h1:dx1qc6V0exl5SK5/kwSc2IdOKCxLHoNbl/zXuYRwopw=
github.com/aws/aws-sdk-go-v2/internal/configsources v1.4.26/go.mod h1:iDMGb+drKqPTqRjv1kWc5meMYzT6HsvPXxJV/Axq1t0=
github.com/aws/aws-sdk-go-v2/internal/endpoints/v2 v2.7.26 h1:ZjsIjuahUd/OxnxgfeK6OZqrReRNru1BcPfFD95IoN0=
github.com/aws/aws-sdk-go-v2/internal/endpoints/v2 v2.7.26/go.mod h1:57VbRA0K0Xxx5XUUTUrVxZ/gm4u8Bk3LBflfufwHtKQ=
github.com/aws/aws-sdk-go-v2/internal/v4a v1.4.27 h1:i49S7g2smFWmlconi97Nn8dxb7jSQ0TeOFD20NX3M+o=
github.com/aws/aws-sdk-go-v2/internal/v4a v1.4.27/go.mod h1:qiLes3uVQAK+cpb837HUEhypYKGBz2ZCDcDl5BYQtpM=
github.com/aws/aws-sdk-go-v2/service/internal/accept-encoding v1.13.10 h1:d5/908OJ4bXg8lyjeMPvXetEKqoDoLi5Owy1zNue3yg=
github.com/aws/aws-sdk-go-v2/service/internal/accept-encoding v1.13.10/go.mod h1:a57l7Hwh+FWI+we50g5NPJHYUKeJKfXbc4w8SyXu8Ig=
github.com/aws/aws-sdk-go-v2/service/internal/checksum v1.9.19 h1:q/Kqqr7Jz4IKSHbFhsCwm5Q4WU7NUTY9tc4nHuBg7pg=
github.com/aws/aws-sdk-go-v2/service/internal/checksum v1.9.19/go.mod h1:kTMPExiQ8IW43fOffpm0npgLopHXzTxZ/1CnB2c8c0E=
github.com/aws/aws-sdk-go-v2/service/internal/presigned-url v1.13.26 h1:oIRaBVJ2CxT7T61l3JkBCW/rnyh2TFZIRL71MvJTKRI=
github.com/aws/aws-sdk-go-v2/service/internal/presigned-url v1.13.26/go.mod h1:1gCTZPMlqAUSFoFbkl35hKtTpE96WFl7ORvDXmSLpRc=
github.com/aws/aws-sdk-go-v2/service/internal/s3shared v1.19.26 h1:eiwOPA7MW2LZzSfULHOFWdekrv59pEpDckN37IiK1EM=
github.com/aws/aws-sdk-go-v2/service/internal/s3shared v1.19.26/go.mod h1:qM4B4ioTSHmkcKKhyoQMc3fcgl+d4mgqdJGzBJApYy0=
github.com/aws/aws-sdk-go-v2/service/s3 v1.103.0 h1:BmOawMUDBUiFAMgk8zTp3w5iei2Vh5j4mwIHTXOuGTc=
github.com/aws/aws-sdk-go-v2/service/s3 v1.103.0/go.mod h1:pivHPRqURZdlzSlGmULol6xBEoy7hHmWW/pIfAkc8Tw=
github.com/aws/smithy-go v1.27.0 h1:ZoFioDKJxkSIW2otF9T0aPtNlUwhdVCcuZh/rzH9Hus=
github.com/aws/smithy-go v1.27.0/go.mod h1:YE2RhdIuDbA5E5bTdciG9KrW3+TiEONeUWCqxX9i1Fc=
github.com/davecgh/go-spew v1.1.1 h1:vj9j/u1bqnvCEfJOwUhtlOARqs3+rkHYY13jYWTU97c=
github.com/davecgh/go-spew v1.1.1/go.mod h1:J7Y8YcW2NihsgmVo/mv3lAwl/skON4iLHjSsI+c5H38=
github.com/pmezard/go-difflib v1.0.0 h1:4DBwDE0NGyQoBHbLQYPwSUPoCMWR5BEzIk/f1lZbAQM=
github.com/pmezard/go-difflib v1.0.0/go.mod h1:iKH77koFhYxTK1pcRnkKkqfTogsbg7gZNVY4sRDYZ/4=
github.com/stretchr/testify v1.11.1 h1:7s2iGBzp5EwR7/aIZr8ao5+dra3wiQyKjjFuvgVKu7U=
github.com/stretchr/testify v1.11.1/go.mod h1:wZwfW3scLgRK+23gO65QZefKpKQRnfz6sD981Nm4B6U=
gopkg.in/yaml.v3 v3.0.1 h1:fxVm/GzAzEWqLHuvctI91KS9hhNmmWOoWu0XTYJS7CA=
gopkg.in/yaml.v3 v3.0.1/go.mod h1:K4uyk7z7BCEPqu6E+C64Yfv1cQ7kz7rIZviUmN+EgEM=
